
Microsoft Visual Studio Solution File, Format Version 12.00
# Visual Studio Version 16
VisualStudioVersion = 16.0.30406.217
MinimumVisualStudioVersion = 10.0.40219.1
Project("{FAE04EC0-301F-11D3-BF4B-00C04F79EFBC}") = "KeyDownTester", "KeyDownTester\KeyDownTester.csproj", "{C03729B8-8579-4EE9-BFD6-252C98DE506C}"
EndProject
Global
	GlobalSection(SolutionConfigurationPlatforms) = preSolution
		Debug|Any CPU = Debug|Any CPU
		Release|Any CPU = Release|Any CPU
	EndGlobalSection
	GlobalSection(ProjectConfigurationPlatforms) = postSolution
		{C03729B8-8579-4EE9-BFD6-252C98DE506C}.Debug|Any CPU.ActiveCfg = Debug|Any CPU
		{C03729B8-8579-4EE9-BFD6-252C98DE506C}.Debug|Any CPU.Build.0 = Debug|Any CPU
		{C03729B8-8579-4EE9-BFD6-252C98DE506C}.Release|Any CPU.ActiveCfg = Release|Any CPU
		{C03729B8-8579-4EE9-BFD6-252C98DE506C}.Release|Any CPU.Build.0 = Release|Any CPU
	EndGlobalSection
	GlobalSection(SolutionProperties) = preSolution
		HideSolutionNode = FALSE
	EndGlobalSection
	GlobalSection(ExtensibilityGlobals) = postSolution
		SolutionGuid = {BF4DBFFD-D489-4016-AA63-B79E0105FC0B}
	EndGlobalSection
EndGlobal
